
Microsoft Visual Studio Solution File, Format Version 12.00
# Visual Studio Version 17
VisualStudioVersion = 17.7.34031.279
MinimumVisualStudioVersion = 10.0.40219.1
Project("{FAE04EC0-301F-11D3-BF4B-00C04F79EFBC}") = "14_HW", "14_HW\14_HW.csproj", "{EA230E01-5363-4261-AD4D-E4A709233ABB}"
EndProject
Global
	GlobalSection(SolutionConfigurationPlatforms) = preSolution
		Debug|Any CPU = Debug|Any CPU
		Release|Any CPU = Release|Any CPU
	EndGlobalSection
	GlobalSection(ProjectConfigurationPlatforms) = postSolution
		{EA230E01-5363-4261-AD4D-E4A709233ABB}.Debug|Any CPU.ActiveCfg = Debug|Any CPU
		{EA230E01-5363-4261-AD4D-E4A709233ABB}.Debug|Any CPU.Build.0 = Debug|Any CPU
		{EA230E01-5363-4261-AD4D-E4A709233ABB}.Release|Any CPU.ActiveCfg = Release|Any CPU
		{EA230E01-5363-4261-AD4D-E4A709233ABB}.Release|Any CPU.Build.0 = Release|Any CPU
	EndGlobalSection
	GlobalSection(SolutionProperties) = preSolution
		HideSolutionNode = FALSE
	EndGlobalSection
	GlobalSection(ExtensibilityGlobals) = postSolution
		SolutionGuid = {B3704C4A-68FC-404C-9673-01C8F304FA39}
	EndGlobalSection
EndGlobal
